ts	_Assembly_S'arrêter à_HôteArguments de l'_hôteRépertoire de _travailCreateProcessNe pas s'arrêterPoint d’entrée}Une erreur du débogueur CLR s'est produite. Terminez le processus débogué et réessayez. HR : 0x{0:X8} Erreur : 0x{1:X8})Impossible de s'attacher au processus {0}6Impossible d'arrêter le processus. Erreur : 0x{0:X8}-Impossible de trouver l'hôte .NET Core "{0}".Impossible de définir l'instruction suivante.'N'a pas pu démarrer le débogueur. {0}2Ne peut pas démarrer le débogueur. Erreur : {0}dN'a pas pu démarrer le débogueur. Assurez-vous que vous avez accès au fichier "{0}" Erreur : {1}�N'a pas pu démarrer le débogueur. Le programme débogué requiert des privilèges d’administrateur. Redémarrez dnSpy avec les droits d’administrateur, puis réessayez.Le fichier n’existe pasNom de fichier manquant3Un autre processus débogue déjà le processus {0}« <no message exception> »Offset IL {0}adresse {0}ligne {0} caractère {1}